// !$*UTF8*$!
{
	archiveVersion = 1;
	classes = {
	};
	objectVersion = 46;
	objects = {

/* Begin PBXBuildFile section */
		191B1565186F895200357698 /* LoImageViewController.m in Sources */ = {isa = PBXBuildFile; fileRef = 191B1564186F895200357698 /* LoImageViewController.m */; };
		19478217188237B40023DD0F /* LoAlbumProxy.m in Sources */ = {isa = PBXBuildFile; fileRef = 19478216188237B40023DD0F /* LoAlbumProxy.m */; };
		1962A94918BEC9F60068E36B /* LoDefaultFilter.m in Sources */ = {isa = PBXBuildFile; fileRef = 1962A94818BEC9F60068E36B /* LoDefaultFilter.m */; };
		1973BA13187A74640026BC67 /* LoCameraPreviewView.m in Sources */ = {isa = PBXBuildFile; fileRef = 1973BA12187A74640026BC67 /* LoCameraPreviewView.m */; };
		1973BA19187B42780026BC67 /* photoCell.xib in Resources */ = {isa = PBXBuildFile; fileRef = 1973BA18187B42780026BC67 /* photoCell.xib */; };
		1979A32F18C2AA3700A64834 /* PhotoViewController.m in Sources */ = {isa = PBXBuildFile; fileRef = 1979A32C18C2AA3700A64834 /* PhotoViewController.m */; };
		1979A33018C2AA3700A64834 /* ImageScrollView.m in Sources */ = {isa = PBXBuildFile; fileRef = 1979A32E18C2AA3700A64834 /* ImageScrollView.m */; };
		1982E9FA185850A600CC0731 /* Foundation.framework in Frameworks */ = {isa = PBXBuildFile; fileRef = 1982E9F9185850A600CC0731 /* Foundation.framework */; };
		1982E9FC185850A600CC0731 /* CoreGraphics.framework in Frameworks */ = {isa = PBXBuildFile; fileRef = 1982E9FB185850A600CC0731 /* CoreGraphics.framework */; };
		1982E9FE185850A600CC0731 /* UIKit.framework in Frameworks */ = {isa = PBXBuildFile; fileRef = 1982E9FD185850A600CC0731 /* UIKit.framework */; };
		1982EA04185850A600CC0731 /* InfoPlist.strings in Resources */ = {isa = PBXBuildFile; fileRef = 1982EA02185850A600CC0731 /* InfoPlist.strings */; };
		1982EA06185850A600CC0731 /* main.m in Sources */ = {isa = PBXBuildFile; fileRef = 1982EA05185850A600CC0731 /* main.m */; };
		1982EA0A185850A600CC0731 /* LoAppDelegate.m in Sources */ = {isa = PBXBuildFile; fileRef = 1982EA09185850A600CC0731 /* LoAppDelegate.m */; };
		1982EA0D185850A600CC0731 /* Main.storyboard in Resources */ = {isa = PBXBuildFile; fileRef = 1982EA0B185850A600CC0731 /* Main.storyboard */; };
		1982EA10185850A600CC0731 /* LoCaptureViewController.m in Sources */ = {isa = PBXBuildFile; fileRef = 1982EA0F185850A600CC0731 /* LoCaptureViewController.m */; };
		1982EA12185850A600CC0731 /* Images.xcassets in Resources */ = {isa = PBXBuildFile; fileRef = 1982EA11185850A600CC0731 /* Images.xcassets */; };
		1982EA19185850A600CC0731 /* XCTest.framework in Frameworks */ = {isa = PBXBuildFile; fileRef = 1982EA18185850A600CC0731 /* XCTest.framework */; };
		1982EA1A185850A600CC0731 /* Foundation.framework in Frameworks */ = {isa = PBXBuildFile; fileRef = 1982E9F9185850A600CC0731 /* Foundation.framework */; };
		1982EA1B185850A600CC0731 /* UIKit.framework in Frameworks */ = {isa = PBXBuildFile; fileRef = 1982E9FD185850A600CC0731 /* UIKit.framework */; };
		1982EA23185850A600CC0731 /* InfoPlist.strings in Resources */ = {isa = PBXBuildFile; fileRef = 1982EA21185850A600CC0731 /* InfoPlist.strings */; };
		1982EA25185850A600CC0731 /* Lomo41Tests.m in Sources */ = {isa = PBXBuildFile; fileRef = 1982EA24185850A600CC0731 /* Lomo41Tests.m */; };
		1982EA301864E79A00CC0731 /* LoShotSet.m in Sources */ = {isa = PBXBuildFile; fileRef = 1982EA2F1864E79A00CC0731 /* LoShotSet.m */; };
		1982EA331865487600CC0731 /* Lo41ShotProcessor.m in Sources */ = {isa = PBXBuildFile; fileRef = 1982EA321865487600CC0731 /* Lo41ShotProcessor.m */; };
		1982EA7D1865947100CC0731 /* CoreMedia.framework in Frameworks */ = {isa = PBXBuildFile; fileRef = 1982EA7C1865947100CC0731 /* CoreMedia.framework */; };
		1982EA7F1865947600CC0731 /* CoreVideo.framework in Frameworks */ = {isa = PBXBuildFile; fileRef = 1982EA7E1865947600CC0731 /* CoreVideo.framework */; };
		1982EA811865947E00CC0731 /* OpenGLES.framework in Frameworks */ = {isa = PBXBuildFile; fileRef = 1982EA801865947E00CC0731 /* OpenGLES.framework */; };
		1982EA831865948200CC0731 /* QuartzCore.framework in Frameworks */ = {isa = PBXBuildFile; fileRef = 1982EA821865948200CC0731 /* QuartzCore.framework */; };
		1982EA851865948800CC0731 /* AVFoundation.framework in Frameworks */ = {isa = PBXBuildFile; fileRef = 1982EA841865948800CC0731 /* AVFoundation.framework */; };
		1982EA881868050400CC0731 /* ALAssetsLibrary+PhotoAlbumFunctionality.m in Sources */ = {isa = PBXBuildFile; fileRef = 1982EA871868050400CC0731 /* ALAssetsLibrary+PhotoAlbumFunctionality.m */; };
		1982EA8E186D2DCF00CC0731 /* LoUICollectionViewController.m in Sources */ = {isa = PBXBuildFile; fileRef = 1982EA8D186D2DCF00CC0731 /* LoUICollectionViewController.m */; };
		1994C6C418CD968C0055AC37 /* UIImage+RotationFunctionality.m in Sources */ = {isa = PBXBuildFile; fileRef = 1994C6C318CD968C0055AC37 /* UIImage+RotationFunctionality.m */; };
		1994C6C718CE58280055AC37 /* LoImagePreviewCell.m in Sources */ = {isa = PBXBuildFile; fileRef = 1994C6C618CE58280055AC37 /* LoImagePreviewCell.m */; };
		92CD813D8BC047F6A09088D1 /* libPods.a in Frameworks */ = {isa = PBXBuildFile; fileRef = 4FF23387409D4C31A9CDD15A /* libPods.a */; };
/* End PBXBuildFile section */

/* Begin PBXContainerItemProxy section */
		1982EA1C185850A600CC0731 /* PBXContainerItemProxy */ = {
			isa = PBXContainerItemProxy;
			containerPortal = 1982E9EE185850A600CC0731 /* Project object */;
			proxyType = 1;
			remoteGlobalIDString = 1982E9F5185850A600CC0731;
			remoteInfo = Lomo41;
		};
/* End PBXContainerItemProxy section */

/* Begin PBXFileReference section */
		191B1563186F895200357698 /* LoImageViewController.h */ = {isa = PBXFileReference; fileEncoding = 4; lastKnownFileType = sourcecode.c.h; path = LoImageViewController.h; sourceTree = "<group>"; };
		191B1564186F895200357698 /* LoImageViewController.m */ = {isa = PBXFileReference; fileEncoding = 4; lastKnownFileType = sourcecode.c.objc; path = LoImageViewController.m; sourceTree = "<group>"; };
		19478215188237B40023DD0F /* LoAlbumProxy.h */ = {isa = PBXFileReference; fileEncoding = 4; lastKnownFileType = sourcecode.c.h; path = LoAlbumProxy.h; sourceTree = "<group>"; };
		19478216188237B40023DD0F /* LoAlbumProxy.m */ = {isa = PBXFileReference; fileEncoding = 4; lastKnownFileType = sourcecode.c.objc; path = LoAlbumProxy.m; sourceTree = "<group>"; };
		1962A94718BEC9F60068E36B /* LoDefaultFilter.h */ = {isa = PBXFileReference; fileEncoding = 4; lastKnownFileType = sourcecode.c.h; path = LoDefaultFilter.h; sourceTree = "<group>"; };
		1962A94818BEC9F60068E36B /* LoDefaultFilter.m */ = {isa = PBXFileReference; fileEncoding = 4; lastKnownFileType = sourcecode.c.objc; path = LoDefaultFilter.m; sourceTree = "<group>"; };
		1973BA11187A74640026BC67 /* LoCameraPreviewView.h */ = {isa = PBXFileReference; fileEncoding = 4; lastKnownFileType = sourcecode.c.h; path = LoCameraPreviewView.h; sourceTree = "<group>"; };
		1973BA12187A74640026BC67 /* LoCameraPreviewView.m */ = {isa = PBXFileReference; fileEncoding = 4; lastKnownFileType = sourcecode.c.objc; path = LoCameraPreviewView.m; sourceTree = "<group>"; };
		1973BA18187B42780026BC67 /* photoCell.xib */ = {isa = PBXFileReference; fileEncoding = 4; lastKnownFileType = file.xib; name = photoCell.xib; path = ../photoCell.xib; sourceTree = "<group>"; };
		1979A32B18C2AA3700A64834 /* PhotoViewController.h */ = {isa = PBXFileReference; fileEncoding = 4; lastKnownFileType = sourcecode.c.h; path = PhotoViewController.h; sourceTree = "<group>"; };
		1979A32C18C2AA3700A64834 /* PhotoViewController.m */ = {isa = PBXFileReference; fileEncoding = 4; lastKnownFileType = sourcecode.c.objc; path = PhotoViewController.m; sourceTree = "<group>"; };
		1979A32D18C2AA3700A64834 /* ImageScrollView.h */ = {isa = PBXFileReference; fileEncoding = 4; lastKnownFileType = sourcecode.c.h; path = ImageScrollView.h; sourceTree = "<group>"; };
		1979A32E18C2AA3700A64834 /* ImageScrollView.m */ = {isa = PBXFileReference; fileEncoding = 4; lastKnownFileType = sourcecode.c.objc; path = ImageScrollView.m; sourceTree = "<group>"; };
		1982E9F6185850A600CC0731 /* Lomo41.app */ = {isa = PBXFileReference; explicitFileType = wrapper.application; includeInIndex = 0; path = Lomo41.app; sourceTree = BUILT_PRODUCTS_DIR; };
		1982E9F9185850A600CC0731 /* Foundation.framework */ = {isa = PBXFileReference; lastKnownFileType = wrapper.framework; name = Foundation.framework; path = System/Library/Frameworks/Foundation.framework; sourceTree = SDKROOT; };
		1982E9FB185850A600CC0731 /* CoreGraphics.framework */ = {isa = PBXFileReference; lastKnownFileType = wrapper.framework; name = CoreGraphics.framework; path = System/Library/Frameworks/CoreGraphics.framework; sourceTree = SDKROOT; };
		1982E9FD185850A600CC0731 /* UIKit.framework */ = {isa = PBXFileReference; lastKnownFileType = wrapper.framework; name = UIKit.framework; path = System/Library/Frameworks/UIKit.framework; sourceTree = SDKROOT; };
		1982EA01185850A600CC0731 /* Lomo41-Info.plist */ = {isa = PBXFileReference; lastKnownFileType = text.plist.xml; path = "Lomo41-Info.plist"; sourceTree = "<group>"; };
		1982EA03185850A600CC0731 /* en */ = {isa = PBXFileReference; lastKnownFileType = text.plist.strings; name = en; path = en.lproj/InfoPlist.strings; sourceTree = "<group>"; };
		1982EA05185850A600CC0731 /* main.m */ = {isa = PBXFileReference; lastKnownFileType = sourcecode.c.objc; path = main.m; sourceTree = "<group>"; };
		1982EA07185850A600CC0731 /* Lomo41-Prefix.pch */ = {isa = PBXFileReference; lastKnownFileType = sourcecode.c.h; path = "Lomo41-Prefix.pch"; sourceTree = "<group>"; };
		1982EA08185850A600CC0731 /* LoAppDelegate.h */ = {isa = PBXFileReference; lastKnownFileType = sourcecode.c.h; path = LoAppDelegate.h; sourceTree = "<group>"; };
		1982EA09185850A600CC0731 /* LoAppDelegate.m */ = {isa = PBXFileReference; lastKnownFileType = sourcecode.c.objc; path = LoAppDelegate.m; sourceTree = "<group>"; };
		1982EA0C185850A600CC0731 /* Base */ = {isa = PBXFileReference; lastKnownFileType = file.storyboard; name = Base; path = Base.lproj/Main.storyboard; sourceTree = "<group>"; };
		1982EA0E185850A600CC0731 /* LoCaptureViewController.h */ = {isa = PBXFileReference; lastKnownFileType = sourcecode.c.h; path = LoCaptureViewController.h; sourceTree = "<group>"; };
		1982EA0F185850A600CC0731 /* LoCaptureViewController.m */ = {isa = PBXFileReference; lastKnownFileType = sourcecode.c.objc; path = LoCaptureViewController.m; sourceTree = "<group>"; };
		1982EA11185850A600CC0731 /* Images.xcassets */ = {isa = PBXFileReference; lastKnownFileType = folder.assetcatalog; path = Images.xcassets; sourceTree = "<group>"; };
		1982EA17185850A600CC0731 /* Lomo41Tests.xctest */ = {isa = PBXFileReference; explicitFileType = wrapper.cfbundle; includeInIndex = 0; path = Lomo41Tests.xctest; sourceTree = BUILT_PRODUCTS_DIR; };
		1982EA18185850A600CC0731 /* XCTest.framework */ = {isa = PBXFileReference; lastKnownFileType = wrapper.framework; name = XCTest.framework; path = Library/Frameworks/XCTest.framework; sourceTree = DEVELOPER_DIR; };
		1982EA20185850A600CC0731 /* Lomo41Tests-Info.plist */ = {isa = PBXFileReference; lastKnownFileType = text.plist.xml; path = "Lomo41Tests-Info.plist"; sourceTree = "<group>"; };
		1982EA22185850A600CC0731 /* en */ = {isa = PBXFileReference; lastKnownFileType = text.plist.strings; name = en; path = en.lproj/InfoPlist.strings; sourceTree = "<group>"; };
		1982EA24185850A600CC0731 /* Lomo41Tests.m */ = {isa = PBXFileReference; lastKnownFileType = sourcecode.c.objc; path = Lomo41Tests.m; sourceTree = "<group>"; };
		1982EA2E1864E79A00CC0731 /* LoShotSet.h */ = {isa = PBXFileReference; fileEncoding = 4; lastKnownFileType = sourcecode.c.h; path = LoShotSet.h; sourceTree = "<group>"; };
		1982EA2F1864E79A00CC0731 /* LoShotSet.m */ = {isa = PBXFileReference; fileEncoding = 4; lastKnownFileType = sourcecode.c.objc; path = LoShotSet.m; sourceTree = "<group>"; };
		1982EA311865487600CC0731 /* Lo41ShotProcessor.h */ = {isa = PBXFileReference; fileEncoding = 4; lastKnownFileType = sourcecode.c.h; path = Lo41ShotProcessor.h; sourceTree = "<group>"; };
		1982EA321865487600CC0731 /* Lo41ShotProcessor.m */ = {isa = PBXFileReference; fileEncoding = 4; lastKnownFileType = sourcecode.c.objc; path = Lo41ShotProcessor.m; sourceTree = "<group>"; };
		1982EA7C1865947100CC0731 /* CoreMedia.framework */ = {isa = PBXFileReference; lastKnownFileType = wrapper.framework; name = CoreMedia.framework; path = System/Library/Frameworks/CoreMedia.framework; sourceTree = SDKROOT; };
		1982EA7E1865947600CC0731 /* CoreVideo.framework */ = {isa = PBXFileReference; lastKnownFileType = wrapper.framework; name = CoreVideo.framework; path = System/Library/Frameworks/CoreVideo.framework; sourceTree = SDKROOT; };
		1982EA801865947E00CC0731 /* OpenGLES.framework */ = {isa = PBXFileReference; lastKnownFileType = wrapper.framework; name = OpenGLES.framework; path = System/Library/Frameworks/OpenGLES.framework; sourceTree = SDKROOT; };
		1982EA821865948200CC0731 /* QuartzCore.framework */ = {isa = PBXFileReference; lastKnownFileType = wrapper.framework; name = QuartzCore.framework; path = System/Library/Frameworks/QuartzCore.framework; sourceTree = SDKROOT; };
		1982EA841865948800CC0731 /* AVFoundation.framework */ = {isa = PBXFileReference; lastKnownFileType = wrapper.framework; name = AVFoundation.framework; path = System/Library/Frameworks/AVFoundation.framework; sourceTree = SDKROOT; };
		1982EA861868050400CC0731 /* ALAssetsLibrary+PhotoAlbumFunctionality.h */ = {isa = PBXFileReference; fileEncoding = 4; lastKnownFileType = sourcecode.c.h; path = "ALAssetsLibrary+PhotoAlbumFunctionality.h"; sourceTree = "<group>"; };
		1982EA871868050400CC0731 /* ALAssetsLibrary+PhotoAlbumFunctionality.m */ = {isa = PBXFileReference; fileEncoding = 4; lastKnownFileType = sourcecode.c.objc; path = "ALAssetsLibrary+PhotoAlbumFunctionality.m"; sourceTree = "<group>"; };
		1982EA8C186D2DCF00CC0731 /* LoUICollectionViewController.h */ = {isa = PBXFileReference; fileEncoding = 4; lastKnownFileType = sourcecode.c.h; path = LoUICollectionViewController.h; sourceTree = "<group>"; };
		1982EA8D186D2DCF00CC0731 /* LoUICollectionViewController.m */ = {isa = PBXFileReference; fileEncoding = 4; lastKnownFileType = sourcecode.c.objc; path = LoUICollectionViewController.m; sourceTree = "<group>"; };
		1994C6C218CD968C0055AC37 /* UIImage+RotationFunctionality.h */ = {isa = PBXFileReference; fileEncoding = 4; lastKnownFileType = sourcecode.c.h; path = "UIImage+RotationFunctionality.h"; sourceTree = "<group>"; };
		1994C6C318CD968C0055AC37 /* UIImage+RotationFunctionality.m */ = {isa = PBXFileReference; fileEncoding = 4; lastKnownFileType = sourcecode.c.objc; path = "UIImage+RotationFunctionality.m"; sourceTree = "<group>"; };
		1994C6C518CE58280055AC37 /* LoImagePreviewCell.h */ = {isa = PBXFileReference; fileEncoding = 4; lastKnownFileType = sourcecode.c.h; path = LoImagePreviewCell.h; sourceTree = "<group>"; };
		1994C6C618CE58280055AC37 /* LoImagePreviewCell.m */ = {isa = PBXFileReference; fileEncoding = 4; lastKnownFileType = sourcecode.c.objc; path = LoImagePreviewCell.m; sourceTree = "<group>"; };
		4FF23387409D4C31A9CDD15A /* libPods.a */ = {isa = PBXFileReference; explicitFileType = archive.ar; includeInIndex = 0; path = libPods.a; sourceTree = BUILT_PRODUCTS_DIR; };
		D6F3FE8CC644437592B2EEE6 /* Pods.xcconfig */ = {isa = PBXFileReference; includeInIndex = 1; lastKnownFileType = text.xcconfig; name = Pods.xcconfig; path = Pods/Pods.xcconfig; sourceTree = "<group>"; };
/* End PBXFileReference section */

/* Begin PBXFrameworksBuildPhase section */
		1982E9F3185850A600CC0731 /* Frameworks */ = {
			isa = PBXFrameworksBuildPhase;
			buildActionMask = 2147483647;
			files = (
				1982EA851865948800CC0731 /* AVFoundation.framework in Frameworks */,
				1982EA831865948200CC0731 /* QuartzCore.framework in Frameworks */,
				1982EA811865947E00CC0731 /* OpenGLES.framework in Frameworks */,
				1982EA7F1865947600CC0731 /* CoreVideo.framework in Frameworks */,
				1982EA7D1865947100CC0731 /* CoreMedia.framework in Frameworks */,
				1982E9FC185850A600CC0731 /* CoreGraphics.framework in Frameworks */,
				1982E9FE185850A600CC0731 /* UIKit.framework in Frameworks */,
				1982E9FA185850A600CC0731 /* Foundation.framework in Frameworks */,
				92CD813D8BC047F6A09088D1 /* libPods.a in Frameworks */,
			);
			runOnlyForDeploymentPostprocessing = 0;
		};
		1982EA14185850A600CC0731 /* Frameworks */ = {
			isa = PBXFrameworksBuildPhase;
			buildActionMask = 2147483647;
			files = (
				1982EA19185850A600CC0731 /* XCTest.framework in Frameworks */,
				1982EA1B185850A600CC0731 /* UIKit.framework in Frameworks */,
				1982EA1A185850A600CC0731 /* Foundation.framework in Frameworks */,
			);
			runOnlyForDeploymentPostprocessing = 0;
		};
/* End PBXFrameworksBuildPhase section */

/* Begin PBXGroup section */
		194EC48D1888F254009BC1CD /* Capture View */ = {
			isa = PBXGroup;
			children = (
				1973BA11187A74640026BC67 /* LoCameraPreviewView.h */,
				1973BA12187A74640026BC67 /* LoCameraPreviewView.m */,
				1982EA0E185850A600CC0731 /* LoCaptureViewController.h */,
				1982EA0F185850A600CC0731 /* LoCaptureViewController.m */,
			);
			name = "Capture View";
			sourceTree = "<group>";
		};
		194EC4901888F26F009BC1CD /* Interface Files */ = {
			isa = PBXGroup;
			children = (
				1982EA0B185850A600CC0731 /* Main.storyboard */,
				1973BA18187B42780026BC67 /* photoCell.xib */,
				1982EA11185850A600CC0731 /* Images.xcassets */,
			);
			name = "Interface Files";
			sourceTree = "<group>";
		};
		194EC4911888F294009BC1CD /* Album View */ = {
			isa = PBXGroup;
			children = (
				1994C6C518CE58280055AC37 /* LoImagePreviewCell.h */,
				1994C6C618CE58280055AC37 /* LoImagePreviewCell.m */,
				1982EA8C186D2DCF00CC0731 /* LoUICollectionViewController.h */,
				1982EA8D186D2DCF00CC0731 /* LoUICollectionViewController.m */,
			);
			name = "Album View";
			sourceTree = "<group>";
		};
		194EC4921888F2C0009BC1CD /* Models */ = {
			isa = PBXGroup;
			children = (
				19478215188237B40023DD0F /* LoAlbumProxy.h */,
				19478216188237B40023DD0F /* LoAlbumProxy.m */,
				1982EA861868050400CC0731 /* ALAssetsLibrary+PhotoAlbumFunctionality.h */,
				1982EA871868050400CC0731 /* ALAssetsLibrary+PhotoAlbumFunctionality.m */,
				1994C6C218CD968C0055AC37 /* UIImage+RotationFunctionality.h */,
				1994C6C318CD968C0055AC37 /* UIImage+RotationFunctionality.m */,
				1982EA2E1864E79A00CC0731 /* LoShotSet.h */,
				1982EA2F1864E79A00CC0731 /* LoShotSet.m */,
			);
			name = Models;
			sourceTree = "<group>";
		};
		194EC4931888F304009BC1CD /* Gallery Image View */ = {
			isa = PBXGroup;
			children = (
				1979A32B18C2AA3700A64834 /* PhotoViewController.h */,
				1979A32C18C2AA3700A64834 /* PhotoViewController.m */,
				1979A32D18C2AA3700A64834 /* ImageScrollView.h */,
				1979A32E18C2AA3700A64834 /* ImageScrollView.m */,
				191B1563186F895200357698 /* LoImageViewController.h */,
				191B1564186F895200357698 /* LoImageViewController.m */,
			);
			name = "Gallery Image View";
			sourceTree = "<group>";
		};
		1962A94618BEC97B0068E36B /* Actions */ = {
			isa = PBXGroup;
			children = (
				1982EA311865487600CC0731 /* Lo41ShotProcessor.h */,
				1982EA321865487600CC0731 /* Lo41ShotProcessor.m */,
				1962A94718BEC9F60068E36B /* LoDefaultFilter.h */,
				1962A94818BEC9F60068E36B /* LoDefaultFilter.m */,
			);
			name = Actions;
			sourceTree = "<group>";
		};
		1982E9ED185850A600CC0731 = {
			isa = PBXGroup;
			children = (
				1982E9FF185850A600CC0731 /* Lomo41 */,
				1982EA1E185850A600CC0731 /* Lomo41Tests */,
				1982E9F8185850A600CC0731 /* Frameworks */,
				1982E9F7185850A600CC0731 /* Products */,
				D6F3FE8CC644437592B2EEE6 /* Pods.xcconfig */,
			);
			sourceTree = "<group>";
		};
		1982E9F7185850A600CC0731 /* Products */ = {
			isa = PBXGroup;
			children = (
				1982E9F6185850A600CC0731 /* Lomo41.app */,
				1982EA17185850A600CC0731 /* Lomo41Tests.xctest */,
			);
			name = Products;
			sourceTree = "<group>";
		};
		1982E9F8185850A600CC0731 /* Frameworks */ = {
			isa = PBXGroup;
			children = (
				1982EA841865948800CC0731 /* AVFoundation.framework */,
				1982EA821865948200CC0731 /* QuartzCore.framework */,
				1982EA801865947E00CC0731 /* OpenGLES.framework */,
				1982EA7E1865947600CC0731 /* CoreVideo.framework */,
				1982EA7C1865947100CC0731 /* CoreMedia.framework */,
				1982E9F9185850A600CC0731 /* Foundation.framework */,
				1982E9FB185850A600CC0731 /* CoreGraphics.framework */,
				1982E9FD185850A600CC0731 /* UIKit.framework */,
				1982EA18185850A600CC0731 /* XCTest.framework */,
				4FF23387409D4C31A9CDD15A /* libPods.a */,
			);
			name = Frameworks;
			sourceTree = "<group>";
		};
		1982E9FF185850A600CC0731 /* Lomo41 */ = {
			isa = PBXGroup;
			children = (
				194EC4901888F26F009BC1CD /* Interface Files */,
				1962A94618BEC97B0068E36B /* Actions */,
				194EC4921888F2C0009BC1CD /* Models */,
				194EC4911888F294009BC1CD /* Album View */,
				194EC48D1888F254009BC1CD /* Capture View */,
				194EC4931888F304009BC1CD /* Gallery Image View */,
				1982EA08185850A600CC0731 /* LoAppDelegate.h */,
				1982EA09185850A600CC0731 /* LoAppDelegate.m */,
				1982EA00185850A600CC0731 /* Supporting Files */,
			);
			path = Lomo41;
			sourceTree = "<group>";
		};
		1982EA00185850A600CC0731 /* Supporting Files */ = {
			isa = PBXGroup;
			children = (
				1982EA01185850A600CC0731 /* Lomo41-Info.plist */,
				1982EA02185850A600CC0731 /* InfoPlist.strings */,
				1982EA05185850A600CC0731 /* main.m */,
				1982EA07185850A600CC0731 /* Lomo41-Prefix.pch */,
			);
			name = "Supporting Files";
			sourceTree = "<group>";
		};
		1982EA1E185850A600CC0731 /* Lomo41Tests */ = {
			isa = PBXGroup;
			children = (
				1982EA24185850A600CC0731 /* Lomo41Tests.m */,
				1982EA1F185850A600CC0731 /* Supporting Files */,
			);
			path = Lomo41Tests;
			sourceTree = "<group>";
		};
		1982EA1F185850A600CC0731 /* Supporting Files */ = {
			isa = PBXGroup;
			children = (
				1982EA20185850A600CC0731 /* Lomo41Tests-Info.plist */,
				1982EA21185850A600CC0731 /* InfoPlist.strings */,
			);
			name = "Supporting Files";
			sourceTree = "<group>";
		};
/* End PBXGroup section */

/* Begin PBXNativeTarget section */
		1982E9F5185850A600CC0731 /* Lomo41 */ = {
			isa = PBXNativeTarget;
			buildConfigurationList = 1982EA28185850A600CC0731 /* Build configuration list for PBXNativeTarget "Lomo41" */;
			buildPhases = (
				3C481FA977344D69A5E59D25 /* Check Pods Manifest.lock */,
				1982E9F2185850A600CC0731 /* Sources */,
				1982E9F3185850A600CC0731 /* Frameworks */,
				1982E9F4185850A600CC0731 /* Resources */,
				FC2724F7360C4ED6833C24AB /* Copy Pods Resources */,
			);
			buildRules = (
			);
			dependencies = (
			);
			name = Lomo41;
			productName = Lomo41;
			productReference = 1982E9F6185850A600CC0731 /* Lomo41.app */;
			productType = "com.apple.product-type.application";
		};
		1982EA16185850A600CC0731 /* Lomo41Tests */ = {
			isa = PBXNativeTarget;
			buildConfigurationList = 1982EA2B185850A600CC0731 /* Build configuration list for PBXNativeTarget "Lomo41Tests" */;
			buildPhases = (
				1982EA13185850A600CC0731 /* Sources */,
				1982EA14185850A600CC0731 /* Frameworks */,
				1982EA15185850A600CC0731 /* Resources */,
			);
			buildRules = (
			);
			dependencies = (
				1982EA1D185850A600CC0731 /* PBXTargetDependency */,
			);
			name = Lomo41Tests;
			productName = Lomo41Tests;
			productReference = 1982EA17185850A600CC0731 /* Lomo41Tests.xctest */;
			productType = "com.apple.product-type.bundle.unit-test";
		};
/* End PBXNativeTarget section */

/* Begin PBXProject section */
		1982E9EE185850A600CC0731 /* Project object */ = {
			isa = PBXProject;
			attributes = {
				CLASSPREFIX = Lo;
				LastUpgradeCheck = 0500;
				ORGANIZATIONNAME = "Very Nice Co";
				TargetAttributes = {
					1982EA16185850A600CC0731 = {
						TestTargetID = 1982E9F5185850A600CC0731;
					};
				};
			};
			buildConfigurationList = 1982E9F1185850A600CC0731 /* Build configuration list for PBXProject "Lomo41" */;
			compatibilityVersion = "Xcode 3.2";
			developmentRegion = English;
			hasScannedForEncodings = 0;
			knownRegions = (
				en,
				Base,
			);
			mainGroup = 1982E9ED185850A600CC0731;
			productRefGroup = 1982E9F7185850A600CC0731 /* Products */;
			projectDirPath = "";
			projectRoot = "";
			targets = (
				1982E9F5185850A600CC0731 /* Lomo41 */,
				1982EA16185850A600CC0731 /* Lomo41Tests */,
			);
		};
/* End PBXProject section */

/* Begin PBXResourcesBuildPhase section */
		1982E9F4185850A600CC0731 /* Resources */ = {
			isa = PBXResourcesBuildPhase;
			buildActionMask = 2147483647;
			files = (
				1982EA12185850A600CC0731 /* Images.xcassets in Resources */,
				1982EA04185850A600CC0731 /* InfoPlist.strings in Resources */,
				1982EA0D185850A600CC0731 /* Main.storyboard in Resources */,
				1973BA19187B42780026BC67 /* photoCell.xib in Resources */,
			);
			runOnlyForDeploymentPostprocessing = 0;
		};
		1982EA15185850A600CC0731 /* Resources */ = {
			isa = PBXResourcesBuildPhase;
			buildActionMask = 2147483647;
			files = (
				1982EA23185850A600CC0731 /* InfoPlist.strings in Resources */,
			);
			runOnlyForDeploymentPostprocessing = 0;
		};
/* End PBXResourcesBuildPhase section */

/* Begin PBXShellScriptBuildPhase section */
		3C481FA977344D69A5E59D25 /* Check Pods Manifest.lock */ = {
			isa = PBXShellScriptBuildPhase;
			buildActionMask = 2147483647;
			files = (
			);
			inputPaths = (
			);
			name = "Check Pods Manifest.lock";
			outputPaths = (
			);
			runOnlyForDeploymentPostprocessing = 0;
			shellPath = /bin/sh;
			shellScript = "diff \"${PODS_ROOT}/../Podfile.lock\" \"${PODS_ROOT}/Manifest.lock\" > /dev/null\nif [[ $? != 0 ]] ; then\n    cat << EOM\nerror: The sandbox is not in sync with the Podfile.lock. Run 'pod install' or update your CocoaPods installation.\nEOM\n    exit 1\nfi\n";
			showEnvVarsInLog = 0;
		};
		FC2724F7360C4ED6833C24AB /* Copy Pods Resources */ = {
			isa = PBXShellScriptBuildPhase;
			buildActionMask = 2147483647;
			files = (
			);
			inputPaths = (
			);
			name = "Copy Pods Resources";
			outputPaths = (
			);
			runOnlyForDeploymentPostprocessing = 0;
			shellPath = /bin/sh;
			shellScript = "\"${SRCROOT}/Pods/Pods-resources.sh\"\n";
			showEnvVarsInLog = 0;
		};
/* End PBXShellScriptBuildPhase section */

/* Begin PBXSourcesBuildPhase section */
		1982E9F2185850A600CC0731 /* Sources */ = {
			isa = PBXSourcesBuildPhase;
			buildActionMask = 2147483647;
			files = (
				1973BA13187A74640026BC67 /* LoCameraPreviewView.m in Sources */,
				1982EA06185850A600CC0731 /* main.m in Sources */,
				1982EA10185850A600CC0731 /* LoCaptureViewController.m in Sources */,
				1982EA0A185850A600CC0731 /* LoAppDelegate.m in Sources */,
				19478217188237B40023DD0F /* LoAlbumProxy.m in Sources */,
				1982EA331865487600CC0731 /* Lo41ShotProcessor.m in Sources */,
				1982EA301864E79A00CC0731 /* LoShotSet.m in Sources */,
				1994C6C418CD968C0055AC37 /* UIImage+RotationFunctionality.m in Sources */,
				1979A33018C2AA3700A64834 /* ImageScrollView.m in Sources */,
				1979A32F18C2AA3700A64834 /* PhotoViewController.m in Sources */,
				1982EA881868050400CC0731 /* ALAssetsLibrary+PhotoAlbumFunctionality.m in Sources */,
				1982EA8E186D2DCF00CC0731 /* LoUICollectionViewController.m in Sources */,
				1962A94918BEC9F60068E36B /* LoDefaultFilter.m in Sources */,
				191B1565186F895200357698 /* LoImageViewController.m in Sources */,
				1994C6C718CE58280055AC37 /* LoImagePreviewCell.m in Sources */,
			);
			runOnlyForDeploymentPostprocessing = 0;
		};
		1982EA13185850A600CC0731 /* Sources */ = {
			isa = PBXSourcesBuildPhase;
			buildActionMask = 2147483647;
			files = (
				1982EA25185850A600CC0731 /* Lomo41Tests.m in Sources */,
			);
			runOnlyForDeploymentPostprocessing = 0;
		};
/* End PBXSourcesBuildPhase section */

/* Begin PBXTargetDependency section */
		1982EA1D185850A600CC0731 /* PBXTargetDependency */ = {
			isa = PBXTargetDependency;
			target = 1982E9F5185850A600CC0731 /* Lomo41 */;
			targetProxy = 1982EA1C185850A600CC0731 /* PBXContainerItemProxy */;
		};
/* End PBXTargetDependency section */

/* Begin PBXVariantGroup section */
		1982EA02185850A600CC0731 /* InfoPlist.strings */ = {
			isa = PBXVariantGroup;
			children = (
				1982EA03185850A600CC0731 /* en */,
			);
			name = InfoPlist.strings;
			sourceTree = "<group>";
		};
		1982EA0B185850A600CC0731 /* Main.storyboard */ = {
			isa = PBXVariantGroup;
			children = (
				1982EA0C185850A600CC0731 /* Base */,
			);
			name = Main.storyboard;
			sourceTree = "<group>";
		};
		1982EA21185850A600CC0731 /* InfoPlist.strings */ = {
			isa = PBXVariantGroup;
			children = (
				1982EA22185850A600CC0731 /* en */,
			);
			name = InfoPlist.strings;
			sourceTree = "<group>";
		};
/* End PBXVariantGroup section */

/* Begin XCBuildConfiguration section */
		1982EA26185850A600CC0731 /* Debug */ = {
			isa = XCBuildConfiguration;
			buildSettings = {
				ALWAYS_SEARCH_USER_PATHS = NO;
				ARCHS = "$(ARCHS_STANDARD_INCLUDING_64_BIT)";
				CLANG_CXX_LANGUAGE_STANDARD = "gnu++0x";
				CLANG_CXX_LIBRARY = "libc++";
				CLANG_ENABLE_MODULES = YES;
				CLANG_ENABLE_OBJC_ARC = YES;
				CLANG_WARN_BOOL_CONVERSION = YES;
				CLANG_WARN_CONSTANT_CONVERSION = YES;
				CLANG_WARN_DIRECT_OBJC_ISA_USAGE = YES_ERROR;
				CLANG_WARN_EMPTY_BODY = YES;
				CLANG_WARN_ENUM_CONVERSION = YES;
				CLANG_WARN_INT_CONVERSION = YES;
				CLANG_WARN_OBJC_ROOT_CLASS = YES_ERROR;
				CLANG_WARN__DUPLICATE_METHOD_MATCH = YES;
				"CODE_SIGN_IDENTITY[sdk=iphoneos*]" = "iPhone Developer";
				COPY_PHASE_STRIP = NO;
				GCC_C_LANGUAGE_STANDARD = gnu99;
				GCC_DYNAMIC_NO_PIC = NO;
				GCC_OPTIMIZATION_LEVEL = 0;
				GCC_PREPROCESSOR_DEFINITIONS = (
					"DEBUG=1",
					"$(inherited)",
				);
				GCC_SYMBOLS_PRIVATE_EXTERN = NO;
				GCC_WARN_64_TO_32_BIT_CONVERSION = YES;
				GCC_WARN_ABOUT_RETURN_TYPE = YES_ERROR;
				GCC_WARN_UNDECLARED_SELECTOR = YES;
				GCC_WARN_UNINITIALIZED_AUTOS = YES;
				GCC_WARN_UNUSED_FUNCTION = YES;
				GCC_WARN_UNUSED_VARIABLE = YES;
				IPHONEOS_DEPLOYMENT_TARGET = 7.0;
				ONLY_ACTIVE_ARCH = YES;
				SDKROOT = iphoneos;
			};
			name = Debug;
		};
		1982EA27185850A600CC0731 /* Release */ = {
			isa = XCBuildConfiguration;
			buildSettings = {
				ALWAYS_SEARCH_USER_PATHS = NO;
				ARCHS = "$(ARCHS_STANDARD_INCLUDING_64_BIT)";
				CLANG_CXX_LANGUAGE_STANDARD = "gnu++0x";
				CLANG_CXX_LIBRARY = "libc++";
				CLANG_ENABLE_MODULES = YES;
				CLANG_ENABLE_OBJC_ARC = YES;
				CLANG_WARN_BOOL_CONVERSION = YES;
				CLANG_WARN_CONSTANT_CONVERSION = YES;
				CLANG_WARN_DIRECT_OBJC_ISA_USAGE = YES_ERROR;
				CLANG_WARN_EMPTY_BODY = YES;
				CLANG_WARN_ENUM_CONVERSION = YES;
				CLANG_WARN_INT_CONVERSION = YES;
				CLANG_WARN_OBJC_ROOT_CLASS = YES_ERROR;
				CLANG_WARN__DUPLICATE_METHOD_MATCH = YES;
				"CODE_SIGN_IDENTITY[sdk=iphoneos*]" = "iPhone Developer";
				COPY_PHASE_STRIP = YES;
				ENABLE_NS_ASSERTIONS = NO;
				GCC_C_LANGUAGE_STANDARD = gnu99;
				GCC_WARN_64_TO_32_BIT_CONVERSION = YES;
				GCC_WARN_ABOUT_RETURN_TYPE = YES_ERROR;
				GCC_WARN_UNDECLARED_SELECTOR = YES;
				GCC_WARN_UNINITIALIZED_AUTOS = YES;
				GCC_WARN_UNUSED_FUNCTION = YES;
				GCC_WARN_UNUSED_VARIABLE = YES;
				IPHONEOS_DEPLOYMENT_TARGET = 7.0;
				SDKROOT = iphoneos;
				VALIDATE_PRODUCT = YES;
			};
			name = Release;
		};
		1982EA29185850A600CC0731 /* Debug */ = {
			isa = XCBuildConfiguration;
			baseConfigurationReference = D6F3FE8CC644437592B2EEE6 /* Pods.xcconfig */;
			buildSettings = {
				ASSETCATALOG_COMPILER_APPICON_NAME = AppIcon;
				ASSETCATALOG_COMPILER_LAUNCHIMAGE_NAME = LaunchImage;
				GCC_PRECOMPILE_PREFIX_HEADER = YES;
				GCC_PREFIX_HEADER = "Lomo41/Lomo41-Prefix.pch";
				HEADER_SEARCH_PATHS = (
					"$(inherited)",
					"submodules/GPUImage/framework/**",
					/Applications/Xcode.app/Contents/Developer/Toolchains/XcodeDefault.xctoolchain/usr/include,
				);
				INFOPLIST_FILE = "Lomo41/Lomo41-Info.plist";
				PRODUCT_NAME = "$(TARGET_NAME)";
				PROVISIONING_PROFILE = "6ACF87FF-A721-4CD9-8461-ED4FF485C46A";
				WRAPPER_EXTENSION = app;
			};
			name = Debug;
		};
		1982EA2A185850A600CC0731 /* Release */ = {
			isa = XCBuildConfiguration;
			baseConfigurationReference = D6F3FE8CC644437592B2EEE6 /* Pods.xcconfig */;
			buildSettings = {
				ASSETCATALOG_COMPILER_APPICON_NAME = AppIcon;
				ASSETCATALOG_COMPILER_LAUNCHIMAGE_NAME = LaunchImage;
				GCC_PRECOMPILE_PREFIX_HEADER = YES;
				GCC_PREFIX_HEADER = "Lomo41/Lomo41-Prefix.pch";
				HEADER_SEARCH_PATHS = (
					"$(inherited)",
					/Applications/Xcode.app/Contents/Developer/Toolchains/XcodeDefault.xctoolchain/usr/include,
				);
				INFOPLIST_FILE = "Lomo41/Lomo41-Info.plist";
				PRODUCT_NAME = "$(TARGET_NAME)";
				PROVISIONING_PROFILE = "FAC070DA-91AE-416A-84DD-982C86AFE1B8";
				WRAPPER_EXTENSION = app;
			};
			name = Release;
		};
		1982EA2C185850A600CC0731 /* Debug */ = {
			isa = XCBuildConfiguration;
			buildSettings = {
				ARCHS = "$(ARCHS_STANDARD_INCLUDING_64_BIT)";
				BUNDLE_LOADER = "$(BUILT_PRODUCTS_DIR)/Lomo41.app/Lomo41";
				FRAMEWORK_SEARCH_PATHS = (
					"$(SDKROOT)/Developer/Library/Frameworks",
					"$(inherited)",
					"$(DEVELOPER_FRAMEWORKS_DIR)",
				);
				GCC_PRECOMPILE_PREFIX_HEADER = YES;
				GCC_PREFIX_HEADER = "Lomo41/Lomo41-Prefix.pch";
				GCC_PREPROCESSOR_DEFINITIONS = (
					"DEBUG=1",
					"$(inherited)",
				);
				INFOPLIST_FILE = "Lomo41Tests/Lomo41Tests-Info.plist";
				PRODUCT_NAME = "$(TARGET_NAME)";
				TEST_HOST = "$(BUNDLE_LOADER)";
				WRAPPER_EXTENSION = xctest;
			};
			name = Debug;
		};
		1982EA2D185850A600CC0731 /* Release */ = {
			isa = XCBuildConfiguration;
			buildSettings = {
				ARCHS = "$(ARCHS_STANDARD_INCLUDING_64_BIT)";
				BUNDLE_LOADER = "$(BUILT_PRODUCTS_DIR)/Lomo41.app/Lomo41";
				FRAMEWORK_SEARCH_PATHS = (
					"$(SDKROOT)/Developer/Library/Frameworks",
					"$(inherited)",
					"$(DEVELOPER_FRAMEWORKS_DIR)",
				);
				GCC_PRECOMPILE_PREFIX_HEADER = YES;
				GCC_PREFIX_HEADER = "Lomo41/Lomo41-Prefix.pch";
				INFOPLIST_FILE = "Lomo41Tests/Lomo41Tests-Info.plist";
				PRODUCT_NAME = "$(TARGET_NAME)";
				TEST_HOST = "$(BUNDLE_LOADER)";
				WRAPPER_EXTENSION = xctest;
			};
			name = Release;
		};
/* End XCBuildConfiguration section */

/* Begin XCConfigurationList section */
		1982E9F1185850A600CC0731 /* Build configuration list for PBXProject "Lomo41" */ = {
			isa = XCConfigurationList;
			buildConfigurations = (
				1982EA26185850A600CC0731 /* Debug */,
				1982EA27185850A600CC0731 /* Release */,
			);
			defaultConfigurationIsVisible = 0;
			defaultConfigurationName = Release;
		};
		1982EA28185850A600CC0731 /* Build configuration list for PBXNativeTarget "Lomo41" */ = {
			isa = XCConfigurationList;
			buildConfigurations = (
				1982EA29185850A600CC0731 /* Debug */,
				1982EA2A185850A600CC0731 /* Release */,
			);
			defaultConfigurationIsVisible = 0;
			defaultConfigurationName = Release;
		};
		1982EA2B185850A600CC0731 /* Build configuration list for PBXNativeTarget "Lomo41Tests" */ = {
			isa = XCConfigurationList;
			buildConfigurations = (
				1982EA2C185850A600CC0731 /* Debug */,
				1982EA2D185850A600CC0731 /* Release */,
			);
			defaultConfigurationIsVisible = 0;
			defaultConfigurationName = Release;
		};
/* End XCConfigurationList section */
	};
	rootObject = 1982E9EE185850A600CC0731 /* Project object */;
}
